
Microsoft Visual Studio Solution File, Format Version 12.00
# Visual Studio 15
VisualStudioVersion = 15.0.27004.2002
MinimumVisualStudioVersion = 10.0.40219.1
Project("{FAE04EC0-301F-11D3-BF4B-00C04F79EFBC}") = "DienstenCheques", "DienstenCheques\DienstenCheques.csproj", "{A171016E-F34F-4F17-9CBD-896E1C87EF52}"
EndProject
Project("{FAE04EC0-301F-11D3-BF4B-00C04F79EFBC}") = "DienstenCheques.Tests", "DienstenCheques.Tests\DienstenCheques.Tests.csproj", "{B0335592-E6AE-4AEA-8F10-843F075770E2}"
EndProject
Global
	GlobalSection(SolutionConfigurationPlatforms) = preSolution
		Debug|Any CPU = Debug|Any CPU
		Release|Any CPU = Release|Any CPU
	EndGlobalSection
	GlobalSection(ProjectConfigurationPlatforms) = postSolution
		{A171016E-F34F-4F17-9CBD-896E1C87EF52}.Debug|Any CPU.ActiveCfg = Debug|Any CPU
		{A171016E-F34F-4F17-9CBD-896E1C87EF52}.Debug|Any CPU.Build.0 = Debug|Any CPU
		{A171016E-F34F-4F17-9CBD-896E1C87EF52}.Release|Any CPU.ActiveCfg = Release|Any CPU
		{A171016E-F34F-4F17-9CBD-896E1C87EF52}.Release|Any CPU.Build.0 = Release|Any CPU
		{B0335592-E6AE-4AEA-8F10-843F075770E2}.Debug|Any CPU.ActiveCfg = Debug|Any CPU
		{B0335592-E6AE-4AEA-8F10-843F075770E2}.Debug|Any CPU.Build.0 = Debug|Any CPU
		{B0335592-E6AE-4AEA-8F10-843F075770E2}.Release|Any CPU.ActiveCfg = Release|Any CPU
		{B0335592-E6AE-4AEA-8F10-843F075770E2}.Release|Any CPU.Build.0 = Release|Any CPU
	EndGlobalSection
	GlobalSection(SolutionProperties) = preSolution
		HideSolutionNode = FALSE
	EndGlobalSection
	GlobalSection(ExtensibilityGlobals) = postSolution
		SolutionGuid = {E8C93641-685D-4348-AC27-32A99FF1828F}
	EndGlobalSection
EndGlobal
